
Microsoft Visual Studio Solution File, Format Version 12.00
# Visual Studio Version 16
VisualStudioVersion = 16.0.30002.166
MinimumVisualStudioVersion = 10.0.40219.1
Project("{FAE04EC0-301F-11D3-BF4B-00C04F79EFBC}") = "ServerConfigMtk-P2-022", "ServerConfigMtk-P2-022\ServerConfigMtk-P2-022.csproj", "{C085055E-CE84-44B7-BB6D-4B77F341040B}"
EndProject
Global
	GlobalSection(SolutionConfigurationPlatforms) = preSolution
		Debug|Any CPU = Debug|Any CPU
		Release|Any CPU = Release|Any CPU
	EndGlobalSection
	GlobalSection(ProjectConfigurationPlatforms) = postSolution
		{C085055E-CE84-44B7-BB6D-4B77F341040B}.Debug|Any CPU.ActiveCfg = Debug|Any CPU
		{C085055E-CE84-44B7-BB6D-4B77F341040B}.Debug|Any CPU.Build.0 = Debug|Any CPU
		{C085055E-CE84-44B7-BB6D-4B77F341040B}.Release|Any CPU.ActiveCfg = Release|Any CPU
		{C085055E-CE84-44B7-BB6D-4B77F341040B}.Release|Any CPU.Build.0 = Release|Any CPU
	EndGlobalSection
	GlobalSection(SolutionProperties) = preSolution
		HideSolutionNode = FALSE
	EndGlobalSection
	GlobalSection(ExtensibilityGlobals) = postSolution
		SolutionGuid = {7EE92CB2-B9DC-4330-A8F2-92A1DCC3FA4D}
	EndGlobalSection
EndGlobal
